// !$*UTF8*$!
{
	archiveVersion = 1;
	classes = {
	};
	objectVersion = 46;
	objects = {

/* Begin PBXBuildFile section */
		040F0BF11CFC616F00E88D34 /* LYQRecommendUserCell.m in Sources */ = {isa = PBXBuildFile; fileRef = 040F0BEF1CFC616F00E88D34 /* LYQRecommendUserCell.m */; };
		040F0BF21CFC616F00E88D34 /* LYQRecommendUserCell.xib in Resources */ = {isa = PBXBuildFile; fileRef = 040F0BF01CFC616F00E88D34 /* LYQRecommendUserCell.xib */; };
		040F0BF51CFC6CAC00E88D34 /* LYQRecommendUser.m in Sources */ = {isa = PBXBuildFile; fileRef = 040F0BF41CFC6CAC00E88D34 /* LYQRecommendUser.m */; };
		046AB7B91CF6DD1000D3FF81 /* Assets.xcassets in Resources */ = {isa = PBXBuildFile; fileRef = 046AB7B81CF6DD1000D3FF81 /* Assets.xcassets */; };
		046AB7C71CF6DD1000D3FF81 /* _____Tests.m in Sources */ = {isa = PBXBuildFile; fileRef = 046AB7C61CF6DD1000D3FF81 /* _____Tests.m */; };
		046AB8211CF7FD9700D3FF81 /* LYQEssenceController.m in Sources */ = {isa = PBXBuildFile; fileRef = 046AB7FC1CF7FD9700D3FF81 /* LYQEssenceController.m */; };
		046AB8221CF7FD9700D3FF81 /* LYQFriendTrendsViewController.m in Sources */ = {isa = PBXBuildFile; fileRef = 046AB8021CF7FD9700D3FF81 /* LYQFriendTrendsViewController.m */; };
		046AB8231CF7FD9700D3FF81 /* LYQMeViewController.m in Sources */ = {isa = PBXBuildFile; fileRef = 046AB8081CF7FD9700D3FF81 /* LYQMeViewController.m */; };
		046AB8241CF7FD9700D3FF81 /* LYQNewViewController.m in Sources */ = {isa = PBXBuildFile; fileRef = 046AB80E1CF7FD9700D3FF81 /* LYQNewViewController.m */; };
		046AB8251CF7FD9700D3FF81 /* AppDelegate.m in Sources */ = {isa = PBXBuildFile; fileRef = 046AB8131CF7FD9700D3FF81 /* AppDelegate.m */; };
		046AB8261CF7FD9700D3FF81 /* UIBarButtonItem+LYQExtension.m in Sources */ = {isa = PBXBuildFile; fileRef = 046AB8161CF7FD9700D3FF81 /* UIBarButtonItem+LYQExtension.m */; };
		046AB8271CF7FD9700D3FF81 /* UIView+LYQExtension.m in Sources */ = {isa = PBXBuildFile; fileRef = 046AB8181CF7FD9700D3FF81 /* UIView+LYQExtension.m */; };
		046AB8281CF7FD9700D3FF81 /* LYQTabBarController.m in Sources */ = {isa = PBXBuildFile; fileRef = 046AB81B1CF7FD9700D3FF81 /* LYQTabBarController.m */; };
		046AB8291CF7FD9700D3FF81 /* main.m in Sources */ = {isa = PBXBuildFile; fileRef = 046AB81C1CF7FD9700D3FF81 /* main.m */; };
		046AB82A1CF7FD9700D3FF81 /* LYQTabBar.m in Sources */ = {isa = PBXBuildFile; fileRef = 046AB8201CF7FD9700D3FF81 /* LYQTabBar.m */; };
		046AB82D1CF82EDA00D3FF81 /* LYQNavigationController.m in Sources */ = {isa = PBXBuildFile; fileRef = 046AB82C1CF82EDA00D3FF81 /* LYQNavigationController.m */; };
		046AB82F1CF851CB00D3FF81 /* LYQFriendTrendsViewController.xib in Resources */ = {isa = PBXBuildFile; fileRef = 046AB82E1CF851CB00D3FF81 /* LYQFriendTrendsViewController.xib */; };
		046AB8331CF85B7300D3FF81 /* LYQRecommendViewController.m in Sources */ = {isa = PBXBuildFile; fileRef = 046AB8311CF85B7300D3FF81 /* LYQRecommendViewController.m */; };
		046AB8341CF85B7300D3FF81 /* LYQRecommendViewController.xib in Resources */ = {isa = PBXBuildFile; fileRef = 046AB8321CF85B7300D3FF81 /* LYQRecommendViewController.xib */; };
		04E14D591CFAD45D00C20D62 /* Foundation+Log.m in Sources */ = {isa = PBXBuildFile; fileRef = 04E14D581CFAD45D00C20D62 /* Foundation+Log.m */; };
		04E14D5C1CFADB6500C20D62 /* LYQRecommendCategory.m in Sources */ = {isa = PBXBuildFile; fileRef = 04E14D5B1CFADB6500C20D62 /* LYQRecommendCategory.m */; };
		04E14D601CFAE09000C20D62 /* LYQRecommendCategoryCell.m in Sources */ = {isa = PBXBuildFile; fileRef = 04E14D5E1CFAE09000C20D62 /* LYQRecommendCategoryCell.m */; };
		04E14D611CFAE09000C20D62 /* LYQRecommendCategoryCell.xib in Resources */ = {isa = PBXBuildFile; fileRef = 04E14D5F1CFAE09000C20D62 /* LYQRecommendCategoryCell.xib */; };
		8AF9E05F16BDE93ADB958B8C /* libPods-百思不得姐.a in Frameworks */ = {isa = PBXBuildFile; fileRef = AB29B2E0DFF2B67E6BC5DA28 /* libPods-百思不得姐.a */; };
		EF21209606823E48E72DAE61 /* libPods-百思不得姐Tests.a in Frameworks */ = {isa = PBXBuildFile; fileRef = CDC90BC83EE173FB84CD4F89 /* libPods-百思不得姐Tests.a */; };
/* End PBXBuildFile section */

/* Begin PBXContainerItemProxy section */
		046AB7C31CF6DD1000D3FF81 /* PBXContainerItemProxy */ = {
			isa = PBXContainerItemProxy;
			containerPortal = 046AB7A11CF6DD1000D3FF81 /* Project object */;
			proxyType = 1;
			remoteGlobalIDString = 046AB7A81CF6DD1000D3FF81;
			remoteInfo = "百思不得姐";
		};
		046AB7CE1CF6DD1100D3FF81 /* PBXContainerItemProxy */ = {
			isa = PBXContainerItemProxy;
			containerPortal = 046AB7A11CF6DD1000D3FF81 /* Project object */;
			proxyType = 1;
			remoteGlobalIDString = 046AB7A81CF6DD1000D3FF81;
			remoteInfo = "百思不得姐";
		};
/* End PBXContainerItemProxy section */

/* Begin PBXFileReference section */
		040F0BEE1CFC616F00E88D34 /* LYQRecommendUserCell.h */ = {isa = PBXFileReference; fileEncoding = 4; lastKnownFileType = sourcecode.c.h; path = LYQRecommendUserCell.h; sourceTree = "<group>"; };
		040F0BEF1CFC616F00E88D34 /* LYQRecommendUserCell.m */ = {isa = PBXFileReference; fileEncoding = 4; lastKnownFileType = sourcecode.c.objc; path = LYQRecommendUserCell.m; sourceTree = "<group>"; };
		040F0BF01CFC616F00E88D34 /* LYQRecommendUserCell.xib */ = {isa = PBXFileReference; fileEncoding = 4; lastKnownFileType = file.xib; path = LYQRecommendUserCell.xib; sourceTree = "<group>"; };
		040F0BF31CFC6CAC00E88D34 /* LYQRecommendUser.h */ = {isa = PBXFileReference; fileEncoding = 4; lastKnownFileType = sourcecode.c.h; path = LYQRecommendUser.h; sourceTree = "<group>"; };
		040F0BF41CFC6CAC00E88D34 /* LYQRecommendUser.m */ = {isa = PBXFileReference; fileEncoding = 4; lastKnownFileType = sourcecode.c.objc; path = LYQRecommendUser.m; sourceTree = "<group>"; };
		046AB7A91CF6DD1000D3FF81 /* 百思不得姐.app */ = {isa = PBXFileReference; explicitFileType = wrapper.application; includeInIndex = 0; path = "百思不得姐.app"; sourceTree = BUILT_PRODUCTS_DIR; };
		046AB7B81CF6DD1000D3FF81 /* Assets.xcassets */ = {isa = PBXFileReference; lastKnownFileType = folder.assetcatalog; path = Assets.xcassets; sourceTree = "<group>"; };
		046AB7BD1CF6DD1000D3FF81 /* Info.plist */ = {isa = PBXFileReference; lastKnownFileType = text.plist.xml; path = Info.plist; sourceTree = "<group>"; };
		046AB7C21CF6DD1000D3FF81 /* 百思不得姐Tests.xctest */ = {isa = PBXFileReference; explicitFileType = wrapper.cfbundle; includeInIndex = 0; path = "百思不得姐Tests.xctest"; sourceTree = BUILT_PRODUCTS_DIR; };
		046AB7C61CF6DD1000D3FF81 /* _____Tests.m */ = {isa = PBXFileReference; lastKnownFileType = sourcecode.c.objc; path = "_____Tests.m"; sourceTree = "<group>"; };
		046AB7C81CF6DD1000D3FF81 /* Info.plist */ = {isa = PBXFileReference; lastKnownFileType = text.plist.xml; path = Info.plist; sourceTree = "<group>"; };
		046AB7CD1CF6DD1100D3FF81 /* 百思不得姐UITests.xctest */ = {isa = PBXFileReference; explicitFileType = wrapper.cfbundle; includeInIndex = 0; path = "百思不得姐UITests.xctest"; sourceTree = BUILT_PRODUCTS_DIR; };
		046AB7FB1CF7FD9700D3FF81 /* LYQEssenceController.h */ = {isa = PBXFileReference; fileEncoding = 4; lastKnownFileType = sourcecode.c.h; path = LYQEssenceController.h; sourceTree = "<group>"; };
		046AB7FC1CF7FD9700D3FF81 /* LYQEssenceController.m */ = {isa = PBXFileReference; fileEncoding = 4; lastKnownFileType = sourcecode.c.objc; path = LYQEssenceController.m; sourceTree = "<group>"; };
		046AB8011CF7FD9700D3FF81 /* LYQFriendTrendsViewController.h */ = {isa = PBXFileReference; fileEncoding = 4; lastKnownFileType = sourcecode.c.h; path = LYQFriendTrendsViewController.h; sourceTree = "<group>"; };
		046AB8021CF7FD9700D3FF81 /* LYQFriendTrendsViewController.m */ = {isa = PBXFileReference; fileEncoding = 4; lastKnownFileType = sourcecode.c.objc; path = LYQFriendTrendsViewController.m; sourceTree = "<group>"; };
		046AB8071CF7FD9700D3FF81 /* LYQMeViewController.h */ = {isa = PBXFileReference; fileEncoding = 4; lastKnownFileType = sourcecode.c.h; path = LYQMeViewController.h; sourceTree = "<group>"; };
		046AB8081CF7FD9700D3FF81 /* LYQMeViewController.m */ = {isa = PBXFileReference; fileEncoding = 4; lastKnownFileType = sourcecode.c.objc; path = LYQMeViewController.m; sourceTree = "<group>"; };
		046AB80D1CF7FD9700D3FF81 /* LYQNewViewController.h */ = {isa = PBXFileReference; fileEncoding = 4; lastKnownFileType = sourcecode.c.h; path = LYQNewViewController.h; sourceTree = "<group>"; };
		046AB80E1CF7FD9700D3FF81 /* LYQNewViewController.m */ = {isa = PBXFileReference; fileEncoding = 4; lastKnownFileType = sourcecode.c.objc; path = LYQNewViewController.m; sourceTree = "<group>"; };
		046AB8121CF7FD9700D3FF81 /* AppDelegate.h */ = {isa = PBXFileReference; fileEncoding = 4; lastKnownFileType = sourcecode.c.h; path = AppDelegate.h; sourceTree = "<group>"; };
		046AB8131CF7FD9700D3FF81 /* AppDelegate.m */ = {isa = PBXFileReference; fileEncoding = 4; lastKnownFileType = sourcecode.c.objc; path = AppDelegate.m; sourceTree = "<group>"; };
		046AB8151CF7FD9700D3FF81 /* UIBarButtonItem+LYQExtension.h */ = {isa = PBXFileReference; fileEncoding = 4; lastKnownFileType = sourcecode.c.h; path = "UIBarButtonItem+LYQExtension.h"; sourceTree = "<group>"; };
		046AB8161CF7FD9700D3FF81 /* UIBarButtonItem+LYQExtension.m */ = {isa = PBXFileReference; fileEncoding = 4; lastKnownFileType = sourcecode.c.objc; path = "UIBarButtonItem+LYQExtension.m"; sourceTree = "<group>"; };
		046AB8171CF7FD9700D3FF81 /* UIView+LYQExtension.h */ = {isa = PBXFileReference; fileEncoding = 4; lastKnownFileType = sourcecode.c.h; path = "UIView+LYQExtension.h"; sourceTree = "<group>"; };
		046AB8181CF7FD9700D3FF81 /* UIView+LYQExtension.m */ = {isa = PBXFileReference; fileEncoding = 4; lastKnownFileType = sourcecode.c.objc; path = "UIView+LYQExtension.m"; sourceTree = "<group>"; };
		046AB81A1CF7FD9700D3FF81 /* LYQTabBarController.h */ = {isa = PBXFileReference; fileEncoding = 4; lastKnownFileType = sourcecode.c.h; path = LYQTabBarController.h; sourceTree = "<group>"; };
		046AB81B1CF7FD9700D3FF81 /* LYQTabBarController.m */ = {isa = PBXFileReference; fileEncoding = 4; lastKnownFileType = sourcecode.c.objc; path = LYQTabBarController.m; sourceTree = "<group>"; };
		046AB81C1CF7FD9700D3FF81 /* main.m */ = {isa = PBXFileReference; fileEncoding = 4; lastKnownFileType = sourcecode.c.objc; path = main.m; sourceTree = "<group>"; };
		046AB81D1CF7FD9700D3FF81 /* PrefixHeader.pch */ = {isa = PBXFileReference; fileEncoding = 4; lastKnownFileType = sourcecode.c.h; path = PrefixHeader.pch; sourceTree = "<group>"; };
		046AB81F1CF7FD9700D3FF81 /* LYQTabBar.h */ = {isa = PBXFileReference; fileEncoding = 4; lastKnownFileType = sourcecode.c.h; path = LYQTabBar.h; sourceTree = "<group>"; };
		046AB8201CF7FD9700D3FF81 /* LYQTabBar.m */ = {isa = PBXFileReference; fileEncoding = 4; lastKnownFileType = sourcecode.c.objc; path = LYQTabBar.m; sourceTree = "<group>"; };
		046AB82B1CF82EDA00D3FF81 /* LYQNavigationController.h */ = {isa = PBXFileReference; fileEncoding = 4; lastKnownFileType = sourcecode.c.h; path = LYQNavigationController.h; sourceTree = "<group>"; };
		046AB82C1CF82EDA00D3FF81 /* LYQNavigationController.m */ = {isa = PBXFileReference; fileEncoding = 4; lastKnownFileType = sourcecode.c.objc; path = LYQNavigationController.m; sourceTree = "<group>"; };
		046AB82E1CF851CB00D3FF81 /* LYQFriendTrendsViewController.xib */ = {isa = PBXFileReference; fileEncoding = 4; lastKnownFileType = file.xib; path = LYQFriendTrendsViewController.xib; sourceTree = "<group>"; };
		046AB8301CF85B7300D3FF81 /* LYQRecommendViewController.h */ = {isa = PBXFileReference; fileEncoding = 4; lastKnownFileType = sourcecode.c.h; path = LYQRecommendViewController.h; sourceTree = "<group>"; };
		046AB8311CF85B7300D3FF81 /* LYQRecommendViewController.m */ = {isa = PBXFileReference; fileEncoding = 4; lastKnownFileType = sourcecode.c.objc; path = LYQRecommendViewController.m; sourceTree = "<group>"; };
		046AB8321CF85B7300D3FF81 /* LYQRecommendViewController.xib */ = {isa = PBXFileReference; fileEncoding = 4; lastKnownFileType = file.xib; path = LYQRecommendViewController.xib; sourceTree = "<group>"; };
		04E14D581CFAD45D00C20D62 /* Foundation+Log.m */ = {isa = PBXFileReference; fileEncoding = 4; lastKnownFileType = sourcecode.c.objc; path = "Foundation+Log.m"; sourceTree = "<group>"; };
		04E14D5A1CFADB6500C20D62 /* LYQRecommendCategory.h */ = {isa = PBXFileReference; fileEncoding = 4; lastKnownFileType = sourcecode.c.h; path = LYQRecommendCategory.h; sourceTree = "<group>"; };
		04E14D5B1CFADB6500C20D62 /* LYQRecommendCategory.m */ = {isa = PBXFileReference; fileEncoding = 4; lastKnownFileType = sourcecode.c.objc; path = LYQRecommendCategory.m; sourceTree = "<group>"; };
		04E14D5D1CFAE09000C20D62 /* LYQRecommendCategoryCell.h */ = {isa = PBXFileReference; fileEncoding = 4; lastKnownFileType = sourcecode.c.h; path = LYQRecommendCategoryCell.h; sourceTree = "<group>"; };
		04E14D5E1CFAE09000C20D62 /* LYQRecommendCategoryCell.m */ = {isa = PBXFileReference; fileEncoding = 4; lastKnownFileType = sourcecode.c.objc; path = LYQRecommendCategoryCell.m; sourceTree = "<group>"; };
		04E14D5F1CFAE09000C20D62 /* LYQRecommendCategoryCell.xib */ = {isa = PBXFileReference; fileEncoding = 4; lastKnownFileType = file.xib; path = LYQRecommendCategoryCell.xib; sourceTree = "<group>"; };
		3529A3E76902804B43202EF5 /* Pods-百思不得姐.debug.xcconfig */ = {isa = PBXFileReference; includeInIndex = 1; lastKnownFileType = text.xcconfig; name = "Pods-百思不得姐.debug.xcconfig"; path = "Pods/Target Support Files/Pods-百思不得姐/Pods-百思不得姐.debug.xcconfig"; sourceTree = "<group>"; };
		AB29B2E0DFF2B67E6BC5DA28 /* libPods-百思不得姐.a */ = {isa = PBXFileReference; explicitFileType = archive.ar; includeInIndex = 0; path = "libPods-百思不得姐.a"; sourceTree = BUILT_PRODUCTS_DIR; };
		C1A8C7ECF8E7A4C0835B45A0 /* Pods-百思不得姐.release.xcconfig */ = {isa = PBXFileReference; includeInIndex = 1; lastKnownFileType = text.xcconfig; name = "Pods-百思不得姐.release.xcconfig"; path = "Pods/Target Support Files/Pods-百思不得姐/Pods-百思不得姐.release.xcconfig"; sourceTree = "<group>"; };
		CDC90BC83EE173FB84CD4F89 /* libPods-百思不得姐Tests.a */ = {isa = PBXFileReference; explicitFileType = archive.ar; includeInIndex = 0; path = "libPods-百思不得姐Tests.a"; sourceTree = BUILT_PRODUCTS_DIR; };
/* End PBXFileReference section */

/* Begin PBXFrameworksBuildPhase section */
		046AB7A61CF6DD1000D3FF81 /* Frameworks */ = {
			isa = PBXFrameworksBuildPhase;
			buildActionMask = 2147483647;
			files = (
				8AF9E05F16BDE93ADB958B8C /* libPods-百思不得姐.a in Frameworks */,
			);
			runOnlyForDeploymentPostprocessing = 0;
		};
		046AB7BF1CF6DD1000D3FF81 /* Frameworks */ = {
			isa = PBXFrameworksBuildPhase;
			buildActionMask = 2147483647;
			files = (
				EF21209606823E48E72DAE61 /* libPods-百思不得姐Tests.a in Frameworks */,
			);
			runOnlyForDeploymentPostprocessing = 0;
		};
		046AB7CA1CF6DD1100D3FF81 /* Frameworks */ = {
			isa = PBXFrameworksBuildPhase;
			buildActionMask = 2147483647;
			files = (
			);
			runOnlyForDeploymentPostprocessing = 0;
		};
/* End PBXFrameworksBuildPhase section */

/* Begin PBXGroup section */
		046AB7A01CF6DD1000D3FF81 = {
			isa = PBXGroup;
			children = (
				046AB7AB1CF6DD1000D3FF81 /* 百思不得姐 */,
				046AB7C51CF6DD1000D3FF81 /* 百思不得姐Tests */,
				046AB7AA1CF6DD1000D3FF81 /* Products */,
				55AEC667F5C2EA97EA3399FA /* Pods */,
				07610F5EE4F289E5F8ADF26A /* Frameworks */,
			);
			sourceTree = "<group>";
		};
		046AB7AA1CF6DD1000D3FF81 /* Products */ = {
			isa = PBXGroup;
			children = (
				046AB7A91CF6DD1000D3FF81 /* 百思不得姐.app */,
				046AB7C21CF6DD1000D3FF81 /* 百思不得姐Tests.xctest */,
				046AB7CD1CF6DD1100D3FF81 /* 百思不得姐UITests.xctest */,
			);
			name = Products;
			sourceTree = "<group>";
		};
		046AB7AB1CF6DD1000D3FF81 /* 百思不得姐 */ = {
			isa = PBXGroup;
			children = (
				046AB7F81CF7FD9700D3FF81 /* class */,
				046AB7AC1CF6DD1000D3FF81 /* Supporting Files */,
			);
			path = "百思不得姐";
			sourceTree = "<group>";
		};
		046AB7AC1CF6DD1000D3FF81 /* Supporting Files */ = {
			isa = PBXGroup;
			children = (
				046AB7B81CF6DD1000D3FF81 /* Assets.xcassets */,
				046AB7BD1CF6DD1000D3FF81 /* Info.plist */,
			);
			name = "Supporting Files";
			sourceTree = "<group>";
		};
		046AB7C51CF6DD1000D3FF81 /* 百思不得姐Tests */ = {
			isa = PBXGroup;
			children = (
				046AB7C61CF6DD1000D3FF81 /* _____Tests.m */,
				046AB7C81CF6DD1000D3FF81 /* Info.plist */,
			);
			path = "百思不得姐Tests";
			sourceTree = "<group>";
		};
		046AB7F81CF7FD9700D3FF81 /* class */ = {
			isa = PBXGroup;
			children = (
				046AB7F91CF7FD9700D3FF81 /* Essence-精华 */,
				046AB7FF1CF7FD9700D3FF81 /* FriendTrends-关注 */,
				046AB8051CF7FD9700D3FF81 /* Me-我 */,
				046AB80B1CF7FD9700D3FF81 /* New-新帖 */,
				046AB8111CF7FD9700D3FF81 /* Other-其它 */,
			);
			path = class;
			sourceTree = "<group>";
		};
		046AB7F91CF7FD9700D3FF81 /* Essence-精华 */ = {
			isa = PBXGroup;
			children = (
				046AB7FA1CF7FD9700D3FF81 /* Controller */,
				046AB7FD1CF7FD9700D3FF81 /* Model */,
				046AB7FE1CF7FD9700D3FF81 /* View */,
			);
			path = "Essence-精华";
			sourceTree = "<group>";
		};
		046AB7FA1CF7FD9700D3FF81 /* Controller */ = {
			isa = PBXGroup;
			children = (
				046AB7FB1CF7FD9700D3FF81 /* LYQEssenceController.h */,
				046AB7FC1CF7FD9700D3FF81 /* LYQEssenceController.m */,
			);
			path = Controller;
			sourceTree = "<group>";
		};
		046AB7FD1CF7FD9700D3FF81 /* Model */ = {
			isa = PBXGroup;
			children = (
			);
			path = Model;
			sourceTree = "<group>";
		};
		046AB7FE1CF7FD9700D3FF81 /* View */ = {
			isa = PBXGroup;
			children = (
			);
			path = View;
			sourceTree = "<group>";
		};
		046AB7FF1CF7FD9700D3FF81 /* FriendTrends-关注 */ = {
			isa = PBXGroup;
			children = (
				046AB8001CF7FD9700D3FF81 /* Controller */,
				046AB8031CF7FD9700D3FF81 /* Model */,
				046AB8041CF7FD9700D3FF81 /* View */,
			);
			path = "FriendTrends-关注";
			sourceTree = "<group>";
		};
		046AB8001CF7FD9700D3FF81 /* Controller */ = {
			isa = PBXGroup;
			children = (
				046AB8011CF7FD9700D3FF81 /* LYQFriendTrendsViewController.h */,
				046AB8021CF7FD9700D3FF81 /* LYQFriendTrendsViewController.m */,
				046AB82E1CF851CB00D3FF81 /* LYQFriendTrendsViewController.xib */,
				046AB8301CF85B7300D3FF81 /* LYQRecommendViewController.h */,
				046AB8311CF85B7300D3FF81 /* LYQRecommendViewController.m */,
				046AB8321CF85B7300D3FF81 /* LYQRecommendViewController.xib */,
			);
			path = Controller;
			sourceTree = "<group>";
		};
		046AB8031CF7FD9700D3FF81 /* Model */ = {
			isa = PBXGroup;
			children = (
				04E14D5A1CFADB6500C20D62 /* LYQRecommendCategory.h */,
				04E14D5B1CFADB6500C20D62 /* LYQRecommendCategory.m */,
				040F0BF31CFC6CAC00E88D34 /* LYQRecommendUser.h */,
				040F0BF41CFC6CAC00E88D34 /* LYQRecommendUser.m */,
			);
			path = Model;
			sourceTree = "<group>";
		};
		046AB8041CF7FD9700D3FF81 /* View */ = {
			isa = PBXGroup;
			children = (
				04E14D5D1CFAE09000C20D62 /* LYQRecommendCategoryCell.h */,
				04E14D5E1CFAE09000C20D62 /* LYQRecommendCategoryCell.m */,
				04E14D5F1CFAE09000C20D62 /* LYQRecommendCategoryCell.xib */,
				040F0BEE1CFC616F00E88D34 /* LYQRecommendUserCell.h */,
				040F0BEF1CFC616F00E88D34 /* LYQRecommendUserCell.m */,
				040F0BF01CFC616F00E88D34 /* LYQRecommendUserCell.xib */,
			);
			path = View;
			sourceTree = "<group>";
		};
		046AB8051CF7FD9700D3FF81 /* Me-我 */ = {
			isa = PBXGroup;
			children = (
				046AB8061CF7FD9700D3FF81 /* Controller */,
				046AB8091CF7FD9700D3FF81 /* Model */,
				046AB80A1CF7FD9700D3FF81 /* View */,
			);
			path = "Me-我";
			sourceTree = "<group>";
		};
		046AB8061CF7FD9700D3FF81 /* Controller */ = {
			isa = PBXGroup;
			children = (
				046AB8071CF7FD9700D3FF81 /* LYQMeViewController.h */,
				046AB8081CF7FD9700D3FF81 /* LYQMeViewController.m */,
			);
			path = Controller;
			sourceTree = "<group>";
		};
		046AB8091CF7FD9700D3FF81 /* Model */ = {
			isa = PBXGroup;
			children = (
			);
			path = Model;
			sourceTree = "<group>";
		};
		046AB80A1CF7FD9700D3FF81 /* View */ = {
			isa = PBXGroup;
			children = (
			);
			path = View;
			sourceTree = "<group>";
		};
		046AB80B1CF7FD9700D3FF81 /* New-新帖 */ = {
			isa = PBXGroup;
			children = (
				046AB80C1CF7FD9700D3FF81 /* Controller */,
				046AB80F1CF7FD9700D3FF81 /* Model */,
				046AB8101CF7FD9700D3FF81 /* View */,
			);
			path = "New-新帖";
			sourceTree = "<group>";
		};
		046AB80C1CF7FD9700D3FF81 /* Controller */ = {
			isa = PBXGroup;
			children = (
				046AB80D1CF7FD9700D3FF81 /* LYQNewViewController.h */,
				046AB80E1CF7FD9700D3FF81 /* LYQNewViewController.m */,
			);
			path = Controller;
			sourceTree = "<group>";
		};
		046AB80F1CF7FD9700D3FF81 /* Model */ = {
			isa = PBXGroup;
			children = (
			);
			path = Model;
			sourceTree = "<group>";
		};
		046AB8101CF7FD9700D3FF81 /* View */ = {
			isa = PBXGroup;
			children = (
			);
			path = View;
			sourceTree = "<group>";
		};
		046AB8111CF7FD9700D3FF81 /* Other-其它 */ = {
			isa = PBXGroup;
			children = (
				046AB8121CF7FD9700D3FF81 /* AppDelegate.h */,
				046AB8131CF7FD9700D3FF81 /* AppDelegate.m */,
				04E14D581CFAD45D00C20D62 /* Foundation+Log.m */,
				046AB8141CF7FD9700D3FF81 /* Category */,
				046AB8191CF7FD9700D3FF81 /* Controller */,
				046AB81C1CF7FD9700D3FF81 /* main.m */,
				046AB81D1CF7FD9700D3FF81 /* PrefixHeader.pch */,
				046AB81E1CF7FD9700D3FF81 /* View */,
			);
			path = "Other-其它";
			sourceTree = "<group>";
		};
		046AB8141CF7FD9700D3FF81 /* Category */ = {
			isa = PBXGroup;
			children = (
				046AB8151CF7FD9700D3FF81 /* UIBarButtonItem+LYQExtension.h */,
				046AB8161CF7FD9700D3FF81 /* UIBarButtonItem+LYQExtension.m */,
				046AB8171CF7FD9700D3FF81 /* UIView+LYQExtension.h */,
				046AB8181CF7FD9700D3FF81 /* UIView+LYQExtension.m */,
			);
			path = Category;
			sourceTree = "<group>";
		};
		046AB8191CF7FD9700D3FF81 /* Controller */ = {
			isa = PBXGroup;
			children = (
				046AB81A1CF7FD9700D3FF81 /* LYQTabBarController.h */,
				046AB81B1CF7FD9700D3FF81 /* LYQTabBarController.m */,
				046AB82B1CF82EDA00D3FF81 /* LYQNavigationController.h */,
				046AB82C1CF82EDA00D3FF81 /* LYQNavigationController.m */,
			);
			path = Controller;
			sourceTree = "<group>";
		};
		046AB81E1CF7FD9700D3FF81 /* View */ = {
			isa = PBXGroup;
			children = (
				046AB81F1CF7FD9700D3FF81 /* LYQTabBar.h */,
				046AB8201CF7FD9700D3FF81 /* LYQTabBar.m */,
			);
			path = View;
			sourceTree = "<group>";
		};
		07610F5EE4F289E5F8ADF26A /* Frameworks */ = {
			isa = PBXGroup;
			children = (
				CDC90BC83EE173FB84CD4F89 /* libPods-百思不得姐Tests.a */,
				AB29B2E0DFF2B67E6BC5DA28 /* libPods-百思不得姐.a */,
			);
			name = Frameworks;
			sourceTree = "<group>";
		};
		55AEC667F5C2EA97EA3399FA /* Pods */ = {
			isa = PBXGroup;
			children = (
				3529A3E76902804B43202EF5 /* Pods-百思不得姐.debug.xcconfig */,
				C1A8C7ECF8E7A4C0835B45A0 /* Pods-百思不得姐.release.xcconfig */,
			);
			name = Pods;
			sourceTree = "<group>";
		};
/* End PBXGroup section */

/* Begin PBXNativeTarget section */
		046AB7A81CF6DD1000D3FF81 /* 百思不得姐 */ = {
			isa = PBXNativeTarget;
			buildConfigurationList = 046AB7D61CF6DD1100D3FF81 /* Build configuration list for PBXNativeTarget "百思不得姐" */;
			buildPhases = (
				E138BF7E09F4B41A63C39027 /* Check Pods Manifest.lock */,
				046AB7A51CF6DD1000D3FF81 /* Sources */,
				046AB7A61CF6DD1000D3FF81 /* Frameworks */,
				046AB7A71CF6DD1000D3FF81 /* Resources */,
				2E2DD568FCB5D8CE81E39994 /* Embed Pods Frameworks */,
				12BB4F5C26F2F7E25697A252 /* Copy Pods Resources */,
			);
			buildRules = (
			);
			dependencies = (
			);
			name = "百思不得姐";
			productName = "百思不得姐";
			productReference = 046AB7A91CF6DD1000D3FF81 /* 百思不得姐.app */;
			productType = "com.apple.product-type.application";
		};
		046AB7C11CF6DD1000D3FF81 /* 百思不得姐Tests */ = {
			isa = PBXNativeTarget;
			buildConfigurationList = 046AB7D91CF6DD1100D3FF81 /* Build configuration list for PBXNativeTarget "百思不得姐Tests" */;
			buildPhases = (
				2DB027AA02DAC54BD88BB8BE /* Check Pods Manifest.lock */,
				046AB7BE1CF6DD1000D3FF81 /* Sources */,
				046AB7BF1CF6DD1000D3FF81 /* Frameworks */,
				046AB7C01CF6DD1000D3FF81 /* Resources */,
				04DC88694F8A6F7408577DD3 /* Embed Pods Frameworks */,
				9E94FFAC66C09E4F4D3010C4 /* Copy Pods Resources */,
			);
			buildRules = (
			);
			dependencies = (
				046AB7C41CF6DD1000D3FF81 /* PBXTargetDependency */,
			);
			name = "百思不得姐Tests";
			productName = "百思不得姐Tests";
			productReference = 046AB7C21CF6DD1000D3FF81 /* 百思不得姐Tests.xctest */;
			productType = "com.apple.product-type.bundle.unit-test";
		};
		046AB7CC1CF6DD1100D3FF81 /* 百思不得姐UITests */ = {
			isa = PBXNativeTarget;
			buildConfigurationList = 046AB7DC1CF6DD1100D3FF81 /* Build configuration list for PBXNativeTarget "百思不得姐UITests" */;
			buildPhases = (
				046AB7C91CF6DD1100D3FF81 /* Sources */,
				046AB7CA1CF6DD1100D3FF81 /* Frameworks */,
				046AB7CB1CF6DD1100D3FF81 /* Resources */,
			);
			buildRules = (
			);
			dependencies = (
				046AB7CF1CF6DD1100D3FF81 /* PBXTargetDependency */,
			);
			name = "百思不得姐UITests";
			productName = "百思不得姐UITests";
			productReference = 046AB7CD1CF6DD1100D3FF81 /* 百思不得姐UITests.xctest */;
			productType = "com.apple.product-type.bundle.ui-testing";
		};
/* End PBXNativeTarget section */

/* Begin PBXProject section */
		046AB7A11CF6DD1000D3FF81 /* Project object */ = {
			isa = PBXProject;
			attributes = {
				CLASSPREFIX = LYQ;
				LastUpgradeCheck = 0730;
				ORGANIZATIONNAME = Lu;
				TargetAttributes = {
					046AB7A81CF6DD1000D3FF81 = {
						CreatedOnToolsVersion = 7.3.1;
					};
					046AB7C11CF6DD1000D3FF81 = {
						CreatedOnToolsVersion = 7.3.1;
						TestTargetID = 046AB7A81CF6DD1000D3FF81;
					};
					046AB7CC1CF6DD1100D3FF81 = {
						CreatedOnToolsVersion = 7.3.1;
						TestTargetID = 046AB7A81CF6DD1000D3FF81;
					};
				};
			};
			buildConfigurationList = 046AB7A41CF6DD1000D3FF81 /* Build configuration list for PBXProject "百思不得姐" */;
			compatibilityVersion = "Xcode 3.2";
			developmentRegion = English;
			hasScannedForEncodings = 0;
			knownRegions = (
				en,
				Base,
			);
			mainGroup = 046AB7A01CF6DD1000D3FF81;
			productRefGroup = 046AB7AA1CF6DD1000D3FF81 /* Products */;
			projectDirPath = "";
			projectRoot = "";
			targets = (
				046AB7A81CF6DD1000D3FF81 /* 百思不得姐 */,
				046AB7C11CF6DD1000D3FF81 /* 百思不得姐Tests */,
				046AB7CC1CF6DD1100D3FF81 /* 百思不得姐UITests */,
			);
		};
/* End PBXProject section */

/* Begin PBXResourcesBuildPhase section */
		046AB7A71CF6DD1000D3FF81 /* Resources */ = {
			isa = PBXResourcesBuildPhase;
			buildActionMask = 2147483647;
			files = (
				046AB8341CF85B7300D3FF81 /* LYQRecommendViewController.xib in Resources */,
				046AB7B91CF6DD1000D3FF81 /* Assets.xcassets in Resources */,
				040F0BF21CFC616F00E88D34 /* LYQRecommendUserCell.xib in Resources */,
				046AB82F1CF851CB00D3FF81 /* LYQFriendTrendsViewController.xib in Resources */,
				04E14D611CFAE09000C20D62 /* LYQRecommendCategoryCell.xib in Resources */,
			);
			runOnlyForDeploymentPostprocessing = 0;
		};
		046AB7C01CF6DD1000D3FF81 /* Resources */ = {
			isa = PBXResourcesBuildPhase;
			buildActionMask = 2147483647;
			files = (
			);
			runOnlyForDeploymentPostprocessing = 0;
		};
		046AB7CB1CF6DD1100D3FF81 /* Resources */ = {
			isa = PBXResourcesBuildPhase;
			buildActionMask = 2147483647;
			files = (
			);
			runOnlyForDeploymentPostprocessing = 0;
		};
/* End PBXResourcesBuildPhase section */

/* Begin PBXShellScriptBuildPhase section */
		04DC88694F8A6F7408577DD3 /* Embed Pods Frameworks */ = {
			isa = PBXShellScriptBuildPhase;
			buildActionMask = 2147483647;
			files = (
			);
			inputPaths = (
			);
			name = "Embed Pods Frameworks";
			outputPaths = (
			);
			runOnlyForDeploymentPostprocessing = 0;
			shellPath = /bin/sh;
			shellScript = "\"${SRCROOT}/Pods/Target Support Files/Pods-百思不得姐Tests/Pods-百思不得姐Tests-frameworks.sh\"\n";
			showEnvVarsInLog = 0;
		};
		12BB4F5C26F2F7E25697A252 /* Copy Pods Resources */ = {
			isa = PBXShellScriptBuildPhase;
			buildActionMask = 2147483647;
			files = (
			);
			inputPaths = (
			);
			name = "Copy Pods Resources";
			outputPaths = (
			);
			runOnlyForDeploymentPostprocessing = 0;
			shellPath = /bin/sh;
			shellScript = "\"${SRCROOT}/Pods/Target Support Files/Pods-百思不得姐/Pods-百思不得姐-resources.sh\"\n";
			showEnvVarsInLog = 0;
		};
		2DB027AA02DAC54BD88BB8BE /* Check Pods Manifest.lock */ = {
			isa = PBXShellScriptBuildPhase;
			buildActionMask = 2147483647;
			files = (
			);
			inputPaths = (
			);
			name = "Check Pods Manifest.lock";
			outputPaths = (
			);
			runOnlyForDeploymentPostprocessing = 0;
			shellPath = /bin/sh;
			shellScript = "diff \"${PODS_ROOT}/../Podfile.lock\" \"${PODS_ROOT}/Manifest.lock\" > /dev/null\nif [[ $? != 0 ]] ; then\n    cat << EOM\nerror: The sandbox is not in sync with the Podfile.lock. Run 'pod install' or update your CocoaPods installation.\nEOM\n    exit 1\nfi\n";
			showEnvVarsInLog = 0;
		};
		2E2DD568FCB5D8CE81E39994 /* Embed Pods Frameworks */ = {
			isa = PBXShellScriptBuildPhase;
			buildActionMask = 2147483647;
			files = (
			);
			inputPaths = (
			);
			name = "Embed Pods Frameworks";
			outputPaths = (
			);
			runOnlyForDeploymentPostprocessing = 0;
			shellPath = /bin/sh;
			shellScript = "\"${SRCROOT}/Pods/Target Support Files/Pods-百思不得姐/Pods-百思不得姐-frameworks.sh\"\n";
			showEnvVarsInLog = 0;
		};
		9E94FFAC66C09E4F4D3010C4 /* Copy Pods Resources */ = {
			isa = PBXShellScriptBuildPhase;
			buildActionMask = 2147483647;
			files = (
			);
			inputPaths = (
			);
			name = "Copy Pods Resources";
			outputPaths = (
			);
			runOnlyForDeploymentPostprocessing = 0;
			shellPath = /bin/sh;
			shellScript = "\"${SRCROOT}/Pods/Target Support Files/Pods-百思不得姐Tests/Pods-百思不得姐Tests-resources.sh\"\n";
			showEnvVarsInLog = 0;
		};
		E138BF7E09F4B41A63C39027 /* Check Pods Manifest.lock */ = {
			isa = PBXShellScriptBuildPhase;
			buildActionMask = 2147483647;
			files = (
			);
			inputPaths = (
			);
			name = "Check Pods Manifest.lock";
			outputPaths = (
			);
			runOnlyForDeploymentPostprocessing = 0;
			shellPath = /bin/sh;
			shellScript = "diff \"${PODS_ROOT}/../Podfile.lock\" \"${PODS_ROOT}/Manifest.lock\" > /dev/null\nif [[ $? != 0 ]] ; then\n    cat << EOM\nerror: The sandbox is not in sync with the Podfile.lock. Run 'pod install' or update your CocoaPods installation.\nEOM\n    exit 1\nfi\n";
			showEnvVarsInLog = 0;
		};
/* End PBXShellScriptBuildPhase section */

/* Begin PBXSourcesBuildPhase section */
		046AB7A51CF6DD1000D3FF81 /* Sources */ = {
			isa = PBXSourcesBuildPhase;
			buildActionMask = 2147483647;
			files = (
				040F0BF11CFC616F00E88D34 /* LYQRecommendUserCell.m in Sources */,
				046AB8271CF7FD9700D3FF81 /* UIView+LYQExtension.m in Sources */,
				046AB8241CF7FD9700D3FF81 /* LYQNewViewController.m in Sources */,
				046AB8261CF7FD9700D3FF81 /* UIBarButtonItem+LYQExtension.m in Sources */,
				046AB8211CF7FD9700D3FF81 /* LYQEssenceController.m in Sources */,
				040F0BF51CFC6CAC00E88D34 /* LYQRecommendUser.m in Sources */,
				046AB8231CF7FD9700D3FF81 /* LYQMeViewController.m in Sources */,
				046AB82D1CF82EDA00D3FF81 /* LYQNavigationController.m in Sources */,
				046AB8331CF85B7300D3FF81 /* LYQRecommendViewController.m in Sources */,
				046AB8221CF7FD9700D3FF81 /* LYQFriendTrendsViewController.m in Sources */,
				046AB82A1CF7FD9700D3FF81 /* LYQTabBar.m in Sources */,
				04E14D5C1CFADB6500C20D62 /* LYQRecommendCategory.m in Sources */,
				046AB8281CF7FD9700D3FF81 /* LYQTabBarController.m in Sources */,
				04E14D591CFAD45D00C20D62 /* Foundation+Log.m in Sources */,
				046AB8291CF7FD9700D3FF81 /* main.m in Sources */,
				046AB8251CF7FD9700D3FF81 /* AppDelegate.m in Sources */,
				04E14D601CFAE09000C20D62 /* LYQRecommendCategoryCell.m in Sources */,
			);
			runOnlyForDeploymentPostprocessing = 0;
		};
		046AB7BE1CF6DD1000D3FF81 /* Sources */ = {
			isa = PBXSourcesBuildPhase;
			buildActionMask = 2147483647;
			files = (
				046AB7C71CF6DD1000D3FF81 /* _____Tests.m in Sources */,
			);
			runOnlyForDeploymentPostprocessing = 0;
		};
		046AB7C91CF6DD1100D3FF81 /* Sources */ = {
			isa = PBXSourcesBuildPhase;
			buildActionMask = 2147483647;
			files = (
			);
			runOnlyForDeploymentPostprocessing = 0;
		};
/* End PBXSourcesBuildPhase section */

/* Begin PBXTargetDependency section */
		046AB7C41CF6DD1000D3FF81 /* PBXTargetDependency */ = {
			isa = PBXTargetDependency;
			target = 046AB7A81CF6DD1000D3FF81 /* 百思不得姐 */;
			targetProxy = 046AB7C31CF6DD1000D3FF81 /* PBXContainerItemProxy */;
		};
		046AB7CF1CF6DD1100D3FF81 /* PBXTargetDependency */ = {
			isa = PBXTargetDependency;
			target = 046AB7A81CF6DD1000D3FF81 /* 百思不得姐 */;
			targetProxy = 046AB7CE1CF6DD1100D3FF81 /* PBXContainerItemProxy */;
		};
/* End PBXTargetDependency section */

/* Begin XCBuildConfiguration section */
		046AB7D41CF6DD1100D3FF81 /* Debug */ = {
			isa = XCBuildConfiguration;
			buildSettings = {
				ALWAYS_SEARCH_USER_PATHS = NO;
				CLANG_ANALYZER_NONNULL = YES;
				CLANG_CXX_LANGUAGE_STANDARD = "gnu++0x";
				CLANG_CXX_LIBRARY = "libc++";
				CLANG_ENABLE_MODULES = YES;
				CLANG_ENABLE_OBJC_ARC = YES;
				CLANG_WARN_BOOL_CONVERSION = YES;
				CLANG_WARN_CONSTANT_CONVERSION = YES;
				CLANG_WARN_DIRECT_OBJC_ISA_USAGE = YES_ERROR;
				CLANG_WARN_EMPTY_BODY = YES;
				CLANG_WARN_ENUM_CONVERSION = YES;
				CLANG_WARN_INT_CONVERSION = YES;
				CLANG_WARN_OBJC_ROOT_CLASS = YES_ERROR;
				CLANG_WARN_UNREACHABLE_CODE = YES;
				CLANG_WARN__DUPLICATE_METHOD_MATCH = YES;
				"CODE_SIGN_IDENTITY[sdk=iphoneos*]" = "iPhone Developer";
				COPY_PHASE_STRIP = NO;
				DEBUG_INFORMATION_FORMAT = dwarf;
				ENABLE_STRICT_OBJC_MSGSEND = YES;
				ENABLE_TESTABILITY = YES;
				GCC_C_LANGUAGE_STANDARD = gnu99;
				GCC_DYNAMIC_NO_PIC = NO;
				GCC_NO_COMMON_BLOCKS = YES;
				GCC_OPTIMIZATION_LEVEL = 0;
				GCC_PREPROCESSOR_DEFINITIONS = (
					"DEBUG=1",
					"$(inherited)",
				);
				GCC_WARN_64_TO_32_BIT_CONVERSION = YES;
				GCC_WARN_ABOUT_RETURN_TYPE = YES_ERROR;
				GCC_WARN_UNDECLARED_SELECTOR = YES;
				GCC_WARN_UNINITIALIZED_AUTOS = YES_AGGRESSIVE;
				GCC_WARN_UNUSED_FUNCTION = YES;
				GCC_WARN_UNUSED_VARIABLE = YES;
				IPHONEOS_DEPLOYMENT_TARGET = 9.3;
				MTL_ENABLE_DEBUG_INFO = YES;
				ONLY_ACTIVE_ARCH = YES;
				SDKROOT = iphoneos;
				TARGETED_DEVICE_FAMILY = "1,2";
			};
			name = Debug;
		};
		046AB7D51CF6DD1100D3FF81 /* Release */ = {
			isa = XCBuildConfiguration;
			buildSettings = {
				ALWAYS_SEARCH_USER_PATHS = NO;
				CLANG_ANALYZER_NONNULL = YES;
				CLANG_CXX_LANGUAGE_STANDARD = "gnu++0x";
				CLANG_CXX_LIBRARY = "libc++";
				CLANG_ENABLE_MODULES = YES;
				CLANG_ENABLE_OBJC_ARC = YES;
				CLANG_WARN_BOOL_CONVERSION = YES;
				CLANG_WARN_CONSTANT_CONVERSION = YES;
				CLANG_WARN_DIRECT_OBJC_ISA_USAGE = YES_ERROR;
				CLANG_WARN_EMPTY_BODY = YES;
				CLANG_WARN_ENUM_CONVERSION = YES;
				CLANG_WARN_INT_CONVERSION = YES;
				CLANG_WARN_OBJC_ROOT_CLASS = YES_ERROR;
				CLANG_WARN_UNREACHABLE_CODE = YES;
				CLANG_WARN__DUPLICATE_METHOD_MATCH = YES;
				"CODE_SIGN_IDENTITY[sdk=iphoneos*]" = "iPhone Developer";
				COPY_PHASE_STRIP = NO;
				DEBUG_INFORMATION_FORMAT = "dwarf-with-dsym";
				ENABLE_NS_ASSERTIONS = NO;
				ENABLE_STRICT_OBJC_MSGSEND = YES;
				GCC_C_LANGUAGE_STANDARD = gnu99;
				GCC_NO_COMMON_BLOCKS = YES;
				GCC_WARN_64_TO_32_BIT_CONVERSION = YES;
				GCC_WARN_ABOUT_RETURN_TYPE = YES_ERROR;
				GCC_WARN_UNDECLARED_SELECTOR = YES;
				GCC_WARN_UNINITIALIZED_AUTOS = YES_AGGRESSIVE;
				GCC_WARN_UNUSED_FUNCTION = YES;
				GCC_WARN_UNUSED_VARIABLE = YES;
				IPHONEOS_DEPLOYMENT_TARGET = 9.3;
				MTL_ENABLE_DEBUG_INFO = NO;
				SDKROOT = iphoneos;
				TARGETED_DEVICE_FAMILY = "1,2";
				VALIDATE_PRODUCT = YES;
			};
			name = Release;
		};
		046AB7D71CF6DD1100D3FF81 /* Debug */ = {
			isa = XCBuildConfiguration;
			baseConfigurationReference = 3529A3E76902804B43202EF5 /* Pods-百思不得姐.debug.xcconfig */;
			buildSettings = {
				ASSETCATALOG_COMPILER_APPICON_NAME = AppIcon;
				ASSETCATALOG_COMPILER_LAUNCHIMAGE_NAME = "Brand Assets";
				GCC_PREFIX_HEADER = "百思不得姐/class/Other-其它/PrefixHeader.pch";
				INFOPLIST_FILE = "百思不得姐/Info.plist";
				IPHONEOS_DEPLOYMENT_TARGET = 9.3;
				LD_RUNPATH_SEARCH_PATHS = "$(inherited) @executable_path/Frameworks";
				PRODUCT_BUNDLE_IDENTIFIER = "com.lu.-----";
				PRODUCT_NAME = "$(TARGET_NAME)";
				SDKROOT = iphoneos;
			};
			name = Debug;
		};
		046AB7D81CF6DD1100D3FF81 /* Release */ = {
			isa = XCBuildConfiguration;
			baseConfigurationReference = C1A8C7ECF8E7A4C0835B45A0 /* Pods-百思不得姐.release.xcconfig */;
			buildSettings = {
				ASSETCATALOG_COMPILER_APPICON_NAME = AppIcon;
				ASSETCATALOG_COMPILER_LAUNCHIMAGE_NAME = "Brand Assets";
				GCC_PREFIX_HEADER = "百思不得姐/class/Other-其它/PrefixHeader.pch";
				INFOPLIST_FILE = "百思不得姐/Info.plist";
				IPHONEOS_DEPLOYMENT_TARGET = 9.3;
				LD_RUNPATH_SEARCH_PATHS = "$(inherited) @executable_path/Frameworks";
				PRODUCT_BUNDLE_IDENTIFIER = "com.lu.-----";
				PRODUCT_NAME = "$(TARGET_NAME)";
				SDKROOT = iphoneos;
			};
			name = Release;
		};
		046AB7DA1CF6DD1100D3FF81 /* Debug */ = {
			isa = XCBuildConfiguration;
			buildSettings = {
				BUNDLE_LOADER = "$(TEST_HOST)";
				INFOPLIST_FILE = "百思不得姐Tests/Info.plist";
				LD_RUNPATH_SEARCH_PATHS = "$(inherited) @executable_path/Frameworks @loader_path/Frameworks";
				PRODUCT_BUNDLE_IDENTIFIER = "com.lu.-----Tests";
				PRODUCT_NAME = "$(TARGET_NAME)";
				TEST_HOST = "$(BUILT_PRODUCTS_DIR)/百思不得姐.app/百思不得姐";
			};
			name = Debug;
		};
		046AB7DB1CF6DD1100D3FF81 /* Release */ = {
			isa = XCBuildConfiguration;
			buildSettings = {
				BUNDLE_LOADER = "$(TEST_HOST)";
				INFOPLIST_FILE = "百思不得姐Tests/Info.plist";
				LD_RUNPATH_SEARCH_PATHS = "$(inherited) @executable_path/Frameworks @loader_path/Frameworks";
				PRODUCT_BUNDLE_IDENTIFIER = "com.lu.-----Tests";
				PRODUCT_NAME = "$(TARGET_NAME)";
				TEST_HOST = "$(BUILT_PRODUCTS_DIR)/百思不得姐.app/百思不得姐";
			};
			name = Release;
		};
		046AB7DD1CF6DD1100D3FF81 /* Debug */ = {
			isa = XCBuildConfiguration;
			buildSettings = {
				INFOPLIST_FILE = "百思不得姐UITests/Info.plist";
				LD_RUNPATH_SEARCH_PATHS = "$(inherited) @executable_path/Frameworks @loader_path/Frameworks";
				PRODUCT_BUNDLE_IDENTIFIER = "com.lu.-----UITests";
				PRODUCT_NAME = "$(TARGET_NAME)";
				TEST_TARGET_NAME = "百思不得姐";
			};
			name = Debug;
		};
		046AB7DE1CF6DD1100D3FF81 /* Release */ = {
			isa = XCBuildConfiguration;
			buildSettings = {
				INFOPLIST_FILE = "百思不得姐UITests/Info.plist";
				LD_RUNPATH_SEARCH_PATHS = "$(inherited) @executable_path/Frameworks @loader_path/Frameworks";
				PRODUCT_BUNDLE_IDENTIFIER = "com.lu.-----UITests";
				PRODUCT_NAME = "$(TARGET_NAME)";
				TEST_TARGET_NAME = "百思不得姐";
			};
			name = Release;
		};
/* End XCBuildConfiguration section */

/* Begin XCConfigurationList section */
		046AB7A41CF6DD1000D3FF81 /* Build configuration list for PBXProject "百思不得姐" */ = {
			isa = XCConfigurationList;
			buildConfigurations = (
				046AB7D41CF6DD1100D3FF81 /* Debug */,
				046AB7D51CF6DD1100D3FF81 /* Release */,
			);
			defaultConfigurationIsVisible = 0;
			defaultConfigurationName = Release;
		};
		046AB7D61CF6DD1100D3FF81 /* Build configuration list for PBXNativeTarget "百思不得姐" */ = {
			isa = XCConfigurationList;
			buildConfigurations = (
				046AB7D71CF6DD1100D3FF81 /* Debug */,
				046AB7D81CF6DD1100D3FF81 /* Release */,
			);
			defaultConfigurationIsVisible = 0;
			defaultConfigurationName = Release;
		};
		046AB7D91CF6DD1100D3FF81 /* Build configuration list for PBXNativeTarget "百思不得姐Tests" */ = {
			isa = XCConfigurationList;
			buildConfigurations = (
				046AB7DA1CF6DD1100D3FF81 /* Debug */,
				046AB7DB1CF6DD1100D3FF81 /* Release */,
			);
			defaultConfigurationIsVisible = 0;
			defaultConfigurationName = Release;
		};
		046AB7DC1CF6DD1100D3FF81 /* Build configuration list for PBXNativeTarget "百思不得姐UITests" */ = {
			isa = XCConfigurationList;
			buildConfigurations = (
				046AB7DD1CF6DD1100D3FF81 /* Debug */,
				046AB7DE1CF6DD1100D3FF81 /* Release */,
			);
			defaultConfigurationIsVisible = 0;
			defaultConfigurationName = Release;
		};
/* End XCConfigurationList section */
	};
	rootObject = 046AB7A11CF6DD1000D3FF81 /* Project object */;
}
