// !$*UTF8*$!
{
	archiveVersion = 1;
	classes = {
	};
	objectVersion = 46;
	objects = {

/* Begin PBXBuildFile section */
		046AB7AE1CF6DD1000D3FF81 /* main.m in Sources */ = {isa = PBXBuildFile; fileRef = 046AB7AD1CF6DD1000D3FF81 /* main.m */; };
		046AB7B11CF6DD1000D3FF81 /* AppDelegate.m in Sources */ = {isa = PBXBuildFile; fileRef = 046AB7B01CF6DD1000D3FF81 /* AppDelegate.m */; };
		046AB7B41CF6DD1000D3FF81 /* ViewController.m in Sources */ = {isa = PBXBuildFile; fileRef = 046AB7B31CF6DD1000D3FF81 /* ViewController.m */; };
		046AB7B71CF6DD1000D3FF81 /* Main.storyboard in Resources */ = {isa = PBXBuildFile; fileRef = 046AB7B51CF6DD1000D3FF81 /* Main.storyboard */; };
		046AB7B91CF6DD1000D3FF81 /* Assets.xcassets in Resources */ = {isa = PBXBuildFile; fileRef = 046AB7B81CF6DD1000D3FF81 /* Assets.xcassets */; };
		046AB7BC1CF6DD1000D3FF81 /* LaunchScreen.storyboard in Resources */ = {isa = PBXBuildFile; fileRef = 046AB7BA1CF6DD1000D3FF81 /* LaunchScreen.storyboard */; };
		046AB7C71CF6DD1000D3FF81 /* _____Tests.m in Sources */ = {isa = PBXBuildFile; fileRef = 046AB7C61CF6DD1000D3FF81 /* _____Tests.m */; };
		046AB7D21CF6DD1100D3FF81 /* _____UITests.m in Sources */ = {isa = PBXBuildFile; fileRef = 046AB7D11CF6DD1100D3FF81 /* _____UITests.m */; };
/* End PBXBuildFile section */

/* Begin PBXContainerItemProxy section */
		046AB7C31CF6DD1000D3FF81 /* PBXContainerItemProxy */ = {
			isa = PBXContainerItemProxy;
			containerPortal = 046AB7A11CF6DD1000D3FF81 /* Project object */;
			proxyType = 1;
			remoteGlobalIDString = 046AB7A81CF6DD1000D3FF81;
			remoteInfo = "百思不得姐";
		};
		046AB7CE1CF6DD1100D3FF81 /* PBXContainerItemProxy */ = {
			isa = PBXContainerItemProxy;
			containerPortal = 046AB7A11CF6DD1000D3FF81 /* Project object */;
			proxyType = 1;
			remoteGlobalIDString = 046AB7A81CF6DD1000D3FF81;
			remoteInfo = "百思不得姐";
		};
/* End PBXContainerItemProxy section */

/* Begin PBXFileReference section */
		046AB7A91CF6DD1000D3FF81 /* 百思不得姐.app */ = {isa = PBXFileReference; explicitFileType = wrapper.application; includeInIndex = 0; path = "百思不得姐.app"; sourceTree = BUILT_PRODUCTS_DIR; };
		046AB7AD1CF6DD1000D3FF81 /* main.m */ = {isa = PBXFileReference; lastKnownFileType = sourcecode.c.objc; path = main.m; sourceTree = "<group>"; };
		046AB7AF1CF6DD1000D3FF81 /* AppDelegate.h */ = {isa = PBXFileReference; lastKnownFileType = sourcecode.c.h; path = AppDelegate.h; sourceTree = "<group>"; };
		046AB7B01CF6DD1000D3FF81 /* AppDelegate.m */ = {isa = PBXFileReference; lastKnownFileType = sourcecode.c.objc; path = AppDelegate.m; sourceTree = "<group>"; };
		046AB7B21CF6DD1000D3FF81 /* ViewController.h */ = {isa = PBXFileReference; lastKnownFileType = sourcecode.c.h; path = ViewController.h; sourceTree = "<group>"; };
		046AB7B31CF6DD1000D3FF81 /* ViewController.m */ = {isa = PBXFileReference; lastKnownFileType = sourcecode.c.objc; path = ViewController.m; sourceTree = "<group>"; };
		046AB7B61CF6DD1000D3FF81 /* Base */ = {isa = PBXFileReference; lastKnownFileType = file.storyboard; name = Base; path = Base.lproj/Main.storyboard; sourceTree = "<group>"; };
		046AB7B81CF6DD1000D3FF81 /* Assets.xcassets */ = {isa = PBXFileReference; lastKnownFileType = folder.assetcatalog; path = Assets.xcassets; sourceTree = "<group>"; };
		046AB7BB1CF6DD1000D3FF81 /* Base */ = {isa = PBXFileReference; lastKnownFileType = file.storyboard; name = Base; path = Base.lproj/LaunchScreen.storyboard; sourceTree = "<group>"; };
		046AB7BD1CF6DD1000D3FF81 /* Info.plist */ = {isa = PBXFileReference; lastKnownFileType = text.plist.xml; path = Info.plist; sourceTree = "<group>"; };
		046AB7C21CF6DD1000D3FF81 /* 百思不得姐Tests.xctest */ = {isa = PBXFileReference; explicitFileType = wrapper.cfbundle; includeInIndex = 0; path = "百思不得姐Tests.xctest"; sourceTree = BUILT_PRODUCTS_DIR; };
		046AB7C61CF6DD1000D3FF81 /* _____Tests.m */ = {isa = PBXFileReference; lastKnownFileType = sourcecode.c.objc; path = "_____Tests.m"; sourceTree = "<group>"; };
		046AB7C81CF6DD1000D3FF81 /* Info.plist */ = {isa = PBXFileReference; lastKnownFileType = text.plist.xml; path = Info.plist; sourceTree = "<group>"; };
		046AB7CD1CF6DD1100D3FF81 /* 百思不得姐UITests.xctest */ = {isa = PBXFileReference; explicitFileType = wrapper.cfbundle; includeInIndex = 0; path = "百思不得姐UITests.xctest"; sourceTree = BUILT_PRODUCTS_DIR; };
		046AB7D11CF6DD1100D3FF81 /* _____UITests.m */ = {isa = PBXFileReference; lastKnownFileType = sourcecode.c.objc; path = "_____UITests.m"; sourceTree = "<group>"; };
		046AB7D31CF6DD1100D3FF81 /* Info.plist */ = {isa = PBXFileReference; lastKnownFileType = text.plist.xml; path = Info.plist; sourceTree = "<group>"; };
/* End PBXFileReference section */

/* Begin PBXFrameworksBuildPhase section */
		046AB7A61CF6DD1000D3FF81 /* Frameworks */ = {
			isa = PBXFrameworksBuildPhase;
			buildActionMask = 2147483647;
			files = (
			);
			runOnlyForDeploymentPostprocessing = 0;
		};
		046AB7BF1CF6DD1000D3FF81 /* Frameworks */ = {
			isa = PBXFrameworksBuildPhase;
			buildActionMask = 2147483647;
			files = (
			);
			runOnlyForDeploymentPostprocessing = 0;
		};
		046AB7CA1CF6DD1100D3FF81 /* Frameworks */ = {
			isa = PBXFrameworksBuildPhase;
			buildActionMask = 2147483647;
			files = (
			);
			runOnlyForDeploymentPostprocessing = 0;
		};
/* End PBXFrameworksBuildPhase section */

/* Begin PBXGroup section */
		046AB7A01CF6DD1000D3FF81 = {
			isa = PBXGroup;
			children = (
				046AB7AB1CF6DD1000D3FF81 /* 百思不得姐 */,
				046AB7C51CF6DD1000D3FF81 /* 百思不得姐Tests */,
				046AB7D01CF6DD1100D3FF81 /* 百思不得姐UITests */,
				046AB7AA1CF6DD1000D3FF81 /* Products */,
			);
			sourceTree = "<group>";
		};
		046AB7AA1CF6DD1000D3FF81 /* Products */ = {
			isa = PBXGroup;
			children = (
				046AB7A91CF6DD1000D3FF81 /* 百思不得姐.app */,
				046AB7C21CF6DD1000D3FF81 /* 百思不得姐Tests.xctest */,
				046AB7CD1CF6DD1100D3FF81 /* 百思不得姐UITests.xctest */,
			);
			name = Products;
			sourceTree = "<group>";
		};
		046AB7AB1CF6DD1000D3FF81 /* 百思不得姐 */ = {
			isa = PBXGroup;
			children = (
				046AB7AF1CF6DD1000D3FF81 /* AppDelegate.h */,
				046AB7B01CF6DD1000D3FF81 /* AppDelegate.m */,
				046AB7B21CF6DD1000D3FF81 /* ViewController.h */,
				046AB7B31CF6DD1000D3FF81 /* ViewController.m */,
				046AB7B51CF6DD1000D3FF81 /* Main.storyboard */,
				046AB7B81CF6DD1000D3FF81 /* Assets.xcassets */,
				046AB7BA1CF6DD1000D3FF81 /* LaunchScreen.storyboard */,
				046AB7BD1CF6DD1000D3FF81 /* Info.plist */,
				046AB7AC1CF6DD1000D3FF81 /* Supporting Files */,
			);
			path = "百思不得姐";
			sourceTree = "<group>";
		};
		046AB7AC1CF6DD1000D3FF81 /* Supporting Files */ = {
			isa = PBXGroup;
			children = (
				046AB7AD1CF6DD1000D3FF81 /* main.m */,
			);
			name = "Supporting Files";
			sourceTree = "<group>";
		};
		046AB7C51CF6DD1000D3FF81 /* 百思不得姐Tests */ = {
			isa = PBXGroup;
			children = (
				046AB7C61CF6DD1000D3FF81 /* _____Tests.m */,
				046AB7C81CF6DD1000D3FF81 /* Info.plist */,
			);
			path = "百思不得姐Tests";
			sourceTree = "<group>";
		};
		046AB7D01CF6DD1100D3FF81 /* 百思不得姐UITests */ = {
			isa = PBXGroup;
			children = (
				046AB7D11CF6DD1100D3FF81 /* _____UITests.m */,
				046AB7D31CF6DD1100D3FF81 /* Info.plist */,
			);
			path = "百思不得姐UITests";
			sourceTree = "<group>";
		};
/* End PBXGroup section */

/* Begin PBXNativeTarget section */
		046AB7A81CF6DD1000D3FF81 /* 百思不得姐 */ = {
			isa = PBXNativeTarget;
			buildConfigurationList = 046AB7D61CF6DD1100D3FF81 /* Build configuration list for PBXNativeTarget "百思不得姐" */;
			buildPhases = (
				046AB7A51CF6DD1000D3FF81 /* Sources */,
				046AB7A61CF6DD1000D3FF81 /* Frameworks */,
				046AB7A71CF6DD1000D3FF81 /* Resources */,
			);
			buildRules = (
			);
			dependencies = (
			);
			name = "百思不得姐";
			productName = "百思不得姐";
			productReference = 046AB7A91CF6DD1000D3FF81 /* 百思不得姐.app */;
			productType = "com.apple.product-type.application";
		};
		046AB7C11CF6DD1000D3FF81 /* 百思不得姐Tests */ = {
			isa = PBXNativeTarget;
			buildConfigurationList = 046AB7D91CF6DD1100D3FF81 /* Build configuration list for PBXNativeTarget "百思不得姐Tests" */;
			buildPhases = (
				046AB7BE1CF6DD1000D3FF81 /* Sources */,
				046AB7BF1CF6DD1000D3FF81 /* Frameworks */,
				046AB7C01CF6DD1000D3FF81 /* Resources */,
			);
			buildRules = (
			);
			dependencies = (
				046AB7C41CF6DD1000D3FF81 /* PBXTargetDependency */,
			);
			name = "百思不得姐Tests";
			productName = "百思不得姐Tests";
			productReference = 046AB7C21CF6DD1000D3FF81 /* 百思不得姐Tests.xctest */;
			productType = "com.apple.product-type.bundle.unit-test";
		};
		046AB7CC1CF6DD1100D3FF81 /* 百思不得姐UITests */ = {
			isa = PBXNativeTarget;
			buildConfigurationList = 046AB7DC1CF6DD1100D3FF81 /* Build configuration list for PBXNativeTarget "百思不得姐UITests" */;
			buildPhases = (
				046AB7C91CF6DD1100D3FF81 /* Sources */,
				046AB7CA1CF6DD1100D3FF81 /* Frameworks */,
				046AB7CB1CF6DD1100D3FF81 /* Resources */,
			);
			buildRules = (
			);
			dependencies = (
				046AB7CF1CF6DD1100D3FF81 /* PBXTargetDependency */,
			);
			name = "百思不得姐UITests";
			productName = "百思不得姐UITests";
			productReference = 046AB7CD1CF6DD1100D3FF81 /* 百思不得姐UITests.xctest */;
			productType = "com.apple.product-type.bundle.ui-testing";
		};
/* End PBXNativeTarget section */

/* Begin PBXProject section */
		046AB7A11CF6DD1000D3FF81 /* Project object */ = {
			isa = PBXProject;
			attributes = {
				LastUpgradeCheck = 0730;
				ORGANIZATIONNAME = Lu;
				TargetAttributes = {
					046AB7A81CF6DD1000D3FF81 = {
						CreatedOnToolsVersion = 7.3.1;
					};
					046AB7C11CF6DD1000D3FF81 = {
						CreatedOnToolsVersion = 7.3.1;
						TestTargetID = 046AB7A81CF6DD1000D3FF81;
					};
					046AB7CC1CF6DD1100D3FF81 = {
						CreatedOnToolsVersion = 7.3.1;
						TestTargetID = 046AB7A81CF6DD1000D3FF81;
					};
				};
			};
			buildConfigurationList = 046AB7A41CF6DD1000D3FF81 /* Build configuration list for PBXProject "百思不得姐" */;
			compatibilityVersion = "Xcode 3.2";
			developmentRegion = English;
			hasScannedForEncodings = 0;
			knownRegions = (
				en,
				Base,
			);
			mainGroup = 046AB7A01CF6DD1000D3FF81;
			productRefGroup = 046AB7AA1CF6DD1000D3FF81 /* Products */;
			projectDirPath = "";
			projectRoot = "";
			targets = (
				046AB7A81CF6DD1000D3FF81 /* 百思不得姐 */,
				046AB7C11CF6DD1000D3FF81 /* 百思不得姐Tests */,
				046AB7CC1CF6DD1100D3FF81 /* 百思不得姐UITests */,
			);
		};
/* End PBXProject section */

/* Begin PBXResourcesBuildPhase section */
		046AB7A71CF6DD1000D3FF81 /* Resources */ = {
			isa = PBXResourcesBuildPhase;
			buildActionMask = 2147483647;
			files = (
				046AB7BC1CF6DD1000D3FF81 /* LaunchScreen.storyboard in Resources */,
				046AB7B91CF6DD1000D3FF81 /* Assets.xcassets in Resources */,
				046AB7B71CF6DD1000D3FF81 /* Main.storyboard in Resources */,
			);
			runOnlyForDeploymentPostprocessing = 0;
		};
		046AB7C01CF6DD1000D3FF81 /* Resources */ = {
			isa = PBXResourcesBuildPhase;
			buildActionMask = 2147483647;
			files = (
			);
			runOnlyForDeploymentPostprocessing = 0;
		};
		046AB7CB1CF6DD1100D3FF81 /* Resources */ = {
			isa = PBXResourcesBuildPhase;
			buildActionMask = 2147483647;
			files = (
			);
			runOnlyForDeploymentPostprocessing = 0;
		};
/* End PBXResourcesBuildPhase section */

/* Begin PBXSourcesBuildPhase section */
		046AB7A51CF6DD1000D3FF81 /* Sources */ = {
			isa = PBXSourcesBuildPhase;
			buildActionMask = 2147483647;
			files = (
				046AB7B41CF6DD1000D3FF81 /* ViewController.m in Sources */,
				046AB7B11CF6DD1000D3FF81 /* AppDelegate.m in Sources */,
				046AB7AE1CF6DD1000D3FF81 /* main.m in Sources */,
			);
			runOnlyForDeploymentPostprocessing = 0;
		};
		046AB7BE1CF6DD1000D3FF81 /* Sources */ = {
			isa = PBXSourcesBuildPhase;
			buildActionMask = 2147483647;
			files = (
				046AB7C71CF6DD1000D3FF81 /* _____Tests.m in Sources */,
			);
			runOnlyForDeploymentPostprocessing = 0;
		};
		046AB7C91CF6DD1100D3FF81 /* Sources */ = {
			isa = PBXSourcesBuildPhase;
			buildActionMask = 2147483647;
			files = (
				046AB7D21CF6DD1100D3FF81 /* _____UITests.m in Sources */,
			);
			runOnlyForDeploymentPostprocessing = 0;
		};
/* End PBXSourcesBuildPhase section */

/* Begin PBXTargetDependency section */
		046AB7C41CF6DD1000D3FF81 /* PBXTargetDependency */ = {
			isa = PBXTargetDependency;
			target = 046AB7A81CF6DD1000D3FF81 /* 百思不得姐 */;
			targetProxy = 046AB7C31CF6DD1000D3FF81 /* PBXContainerItemProxy */;
		};
		046AB7CF1CF6DD1100D3FF81 /* PBXTargetDependency */ = {
			isa = PBXTargetDependency;
			target = 046AB7A81CF6DD1000D3FF81 /* 百思不得姐 */;
			targetProxy = 046AB7CE1CF6DD1100D3FF81 /* PBXContainerItemProxy */;
		};
/* End PBXTargetDependency section */

/* Begin PBXVariantGroup section */
		046AB7B51CF6DD1000D3FF81 /* Main.storyboard */ = {
			isa = PBXVariantGroup;
			children = (
				046AB7B61CF6DD1000D3FF81 /* Base */,
			);
			name = Main.storyboard;
			sourceTree = "<group>";
		};
		046AB7BA1CF6DD1000D3FF81 /* LaunchScreen.storyboard */ = {
			isa = PBXVariantGroup;
			children = (
				046AB7BB1CF6DD1000D3FF81 /* Base */,
			);
			name = LaunchScreen.storyboard;
			sourceTree = "<group>";
		};
/* End PBXVariantGroup section */

/* Begin XCBuildConfiguration section */
		046AB7D41CF6DD1100D3FF81 /* Debug */ = {
			isa = XCBuildConfiguration;
			buildSettings = {
				ALWAYS_SEARCH_USER_PATHS = NO;
				CLANG_ANALYZER_NONNULL = YES;
				CLANG_CXX_LANGUAGE_STANDARD = "gnu++0x";
				CLANG_CXX_LIBRARY = "libc++";
				CLANG_ENABLE_MODULES = YES;
				CLANG_ENABLE_OBJC_ARC = YES;
				CLANG_WARN_BOOL_CONVERSION = YES;
				CLANG_WARN_CONSTANT_CONVERSION = YES;
				CLANG_WARN_DIRECT_OBJC_ISA_USAGE = YES_ERROR;
				CLANG_WARN_EMPTY_BODY = YES;
				CLANG_WARN_ENUM_CONVERSION = YES;
				CLANG_WARN_INT_CONVERSION = YES;
				CLANG_WARN_OBJC_ROOT_CLASS = YES_ERROR;
				CLANG_WARN_UNREACHABLE_CODE = YES;
				CLANG_WARN__DUPLICATE_METHOD_MATCH = YES;
				"CODE_SIGN_IDENTITY[sdk=iphoneos*]" = "iPhone Developer";
				COPY_PHASE_STRIP = NO;
				DEBUG_INFORMATION_FORMAT = dwarf;
				ENABLE_STRICT_OBJC_MSGSEND = YES;
				ENABLE_TESTABILITY = YES;
				GCC_C_LANGUAGE_STANDARD = gnu99;
				GCC_DYNAMIC_NO_PIC = NO;
				GCC_NO_COMMON_BLOCKS = YES;
				GCC_OPTIMIZATION_LEVEL = 0;
				GCC_PREPROCESSOR_DEFINITIONS = (
					"DEBUG=1",
					"$(inherited)",
				);
				GCC_WARN_64_TO_32_BIT_CONVERSION = YES;
				GCC_WARN_ABOUT_RETURN_TYPE = YES_ERROR;
				GCC_WARN_UNDECLARED_SELECTOR = YES;
				GCC_WARN_UNINITIALIZED_AUTOS = YES_AGGRESSIVE;
				GCC_WARN_UNUSED_FUNCTION = YES;
				GCC_WARN_UNUSED_VARIABLE = YES;
				IPHONEOS_DEPLOYMENT_TARGET = 9.3;
				MTL_ENABLE_DEBUG_INFO = YES;
				ONLY_ACTIVE_ARCH = YES;
				SDKROOT = iphoneos;
				TARGETED_DEVICE_FAMILY = "1,2";
			};
			name = Debug;
		};
		046AB7D51CF6DD1100D3FF81 /* Release */ = {
			isa = XCBuildConfiguration;
			buildSettings = {
				ALWAYS_SEARCH_USER_PATHS = NO;
				CLANG_ANALYZER_NONNULL = YES;
				CLANG_CXX_LANGUAGE_STANDARD = "gnu++0x";
				CLANG_CXX_LIBRARY = "libc++";
				CLANG_ENABLE_MODULES = YES;
				CLANG_ENABLE_OBJC_ARC = YES;
				CLANG_WARN_BOOL_CONVERSION = YES;
				CLANG_WARN_CONSTANT_CONVERSION = YES;
				CLANG_WARN_DIRECT_OBJC_ISA_USAGE = YES_ERROR;
				CLANG_WARN_EMPTY_BODY = YES;
				CLANG_WARN_ENUM_CONVERSION = YES;
				CLANG_WARN_INT_CONVERSION = YES;
				CLANG_WARN_OBJC_ROOT_CLASS = YES_ERROR;
				CLANG_WARN_UNREACHABLE_CODE = YES;
				CLANG_WARN__DUPLICATE_METHOD_MATCH = YES;
				"CODE_SIGN_IDENTITY[sdk=iphoneos*]" = "iPhone Developer";
				COPY_PHASE_STRIP = NO;
				DEBUG_INFORMATION_FORMAT = "dwarf-with-dsym";
				ENABLE_NS_ASSERTIONS = NO;
				ENABLE_STRICT_OBJC_MSGSEND = YES;
				GCC_C_LANGUAGE_STANDARD = gnu99;
				GCC_NO_COMMON_BLOCKS = YES;
				GCC_WARN_64_TO_32_BIT_CONVERSION = YES;
				GCC_WARN_ABOUT_RETURN_TYPE = YES_ERROR;
				GCC_WARN_UNDECLARED_SELECTOR = YES;
				GCC_WARN_UNINITIALIZED_AUTOS = YES_AGGRESSIVE;
				GCC_WARN_UNUSED_FUNCTION = YES;
				GCC_WARN_UNUSED_VARIABLE = YES;
				IPHONEOS_DEPLOYMENT_TARGET = 9.3;
				MTL_ENABLE_DEBUG_INFO = NO;
				SDKROOT = iphoneos;
				TARGETED_DEVICE_FAMILY = "1,2";
				VALIDATE_PRODUCT = YES;
			};
			name = Release;
		};
		046AB7D71CF6DD1100D3FF81 /* Debug */ = {
			isa = XCBuildConfiguration;
			buildSettings = {
				ASSETCATALOG_COMPILER_APPICON_NAME = AppIcon;
				INFOPLIST_FILE = "百思不得姐/Info.plist";
				LD_RUNPATH_SEARCH_PATHS = "$(inherited) @executable_path/Frameworks";
				PRODUCT_BUNDLE_IDENTIFIER = "com.lu.-----";
				PRODUCT_NAME = "$(TARGET_NAME)";
			};
			name = Debug;
		};
		046AB7D81CF6DD1100D3FF81 /* Release */ = {
			isa = XCBuildConfiguration;
			buildSettings = {
				ASSETCATALOG_COMPILER_APPICON_NAME = AppIcon;
				INFOPLIST_FILE = "百思不得姐/Info.plist";
				LD_RUNPATH_SEARCH_PATHS = "$(inherited) @executable_path/Frameworks";
				PRODUCT_BUNDLE_IDENTIFIER = "com.lu.-----";
				PRODUCT_NAME = "$(TARGET_NAME)";
			};
			name = Release;
		};
		046AB7DA1CF6DD1100D3FF81 /* Debug */ = {
			isa = XCBuildConfiguration;
			buildSettings = {
				BUNDLE_LOADER = "$(TEST_HOST)";
				INFOPLIST_FILE = "百思不得姐Tests/Info.plist";
				LD_RUNPATH_SEARCH_PATHS = "$(inherited) @executable_path/Frameworks @loader_path/Frameworks";
				PRODUCT_BUNDLE_IDENTIFIER = "com.lu.-----Tests";
				PRODUCT_NAME = "$(TARGET_NAME)";
				TEST_HOST = "$(BUILT_PRODUCTS_DIR)/百思不得姐.app/百思不得姐";
			};
			name = Debug;
		};
		046AB7DB1CF6DD1100D3FF81 /* Release */ = {
			isa = XCBuildConfiguration;
			buildSettings = {
				BUNDLE_LOADER = "$(TEST_HOST)";
				INFOPLIST_FILE = "百思不得姐Tests/Info.plist";
				LD_RUNPATH_SEARCH_PATHS = "$(inherited) @executable_path/Frameworks @loader_path/Frameworks";
				PRODUCT_BUNDLE_IDENTIFIER = "com.lu.-----Tests";
				PRODUCT_NAME = "$(TARGET_NAME)";
				TEST_HOST = "$(BUILT_PRODUCTS_DIR)/百思不得姐.app/百思不得姐";
			};
			name = Release;
		};
		046AB7DD1CF6DD1100D3FF81 /* Debug */ = {
			isa = XCBuildConfiguration;
			buildSettings = {
				INFOPLIST_FILE = "百思不得姐UITests/Info.plist";
				LD_RUNPATH_SEARCH_PATHS = "$(inherited) @executable_path/Frameworks @loader_path/Frameworks";
				PRODUCT_BUNDLE_IDENTIFIER = "com.lu.-----UITests";
				PRODUCT_NAME = "$(TARGET_NAME)";
				TEST_TARGET_NAME = "百思不得姐";
			};
			name = Debug;
		};
		046AB7DE1CF6DD1100D3FF81 /* Release */ = {
			isa = XCBuildConfiguration;
			buildSettings = {
				INFOPLIST_FILE = "百思不得姐UITests/Info.plist";
				LD_RUNPATH_SEARCH_PATHS = "$(inherited) @executable_path/Frameworks @loader_path/Frameworks";
				PRODUCT_BUNDLE_IDENTIFIER = "com.lu.-----UITests";
				PRODUCT_NAME = "$(TARGET_NAME)";
				TEST_TARGET_NAME = "百思不得姐";
			};
			name = Release;
		};
/* End XCBuildConfiguration section */

/* Begin XCConfigurationList section */
		046AB7A41CF6DD1000D3FF81 /* Build configuration list for PBXProject "百思不得姐" */ = {
			isa = XCConfigurationList;
			buildConfigurations = (
				046AB7D41CF6DD1100D3FF81 /* Debug */,
				046AB7D51CF6DD1100D3FF81 /* Release */,
			);
			defaultConfigurationIsVisible = 0;
			defaultConfigurationName = Release;
		};
		046AB7D61CF6DD1100D3FF81 /* Build configuration list for PBXNativeTarget "百思不得姐" */ = {
			isa = XCConfigurationList;
			buildConfigurations = (
				046AB7D71CF6DD1100D3FF81 /* Debug */,
				046AB7D81CF6DD1100D3FF81 /* Release */,
			);
			defaultConfigurationIsVisible = 0;
		};
		046AB7D91CF6DD1100D3FF81 /* Build configuration list for PBXNativeTarget "百思不得姐Tests" */ = {
			isa = XCConfigurationList;
			buildConfigurations = (
				046AB7DA1CF6DD1100D3FF81 /* Debug */,
				046AB7DB1CF6DD1100D3FF81 /* Release */,
			);
			defaultConfigurationIsVisible = 0;
		};
		046AB7DC1CF6DD1100D3FF81 /* Build configuration list for PBXNativeTarget "百思不得姐UITests" */ = {
			isa = XCConfigurationList;
			buildConfigurations = (
				046AB7DD1CF6DD1100D3FF81 /* Debug */,
				046AB7DE1CF6DD1100D3FF81 /* Release */,
			);
			defaultConfigurationIsVisible = 0;
		};
/* End XCConfigurationList section */
	};
	rootObject = 046AB7A11CF6DD1000D3FF81 /* Project object */;
}
